
Microsoft Visual Studio Solution File, Format Version 12.00
# Visual Studio 15
VisualStudioVersion = 15.0.27428.2037
MinimumVisualStudioVersion = 10.0.40219.1
Project("{9A19103F-16F7-4668-BE54-9A1E7A4F7556}") = "Test.It.With.RabbitMQ.091", "Test.It.With.RabbitMQ.091\Test.It.With.RabbitMQ.091.csproj", "{13323EEF-85D0-4F98-8C81-2571D3CF55AB}"
EndProject
Project("{2150E333-8FDC-42A3-9474-1A3956D46DE8}") = "Tests", "Tests", "{316CD280-5B54-49A1-AB5A-30F69375FB1F}"
EndProject
Project("{9A19103F-16F7-4668-BE54-9A1E7A4F7556}") = "Test.It.With.RabbitMQ.091.Integration.Tests", "Tests\Test.It.With.RabbitMQ.091.Integration.Tests\Test.It.With.RabbitMQ.091.Integration.Tests.csproj", "{0FF4A047-3977-437D-9068-D375B118325F}"
EndProject
Project("{9A19103F-16F7-4668-BE54-9A1E7A4F7556}") = "Test.It.With.RabbitMQ.091.Tests", "Tests\Test.It.With.RabbitMQ.091.Tests\Test.It.With.RabbitMQ.091.Tests.csproj", "{7BD84E81-96AF-4DB9-9A97-C33BBBF59562}"
EndProject
Project("{9A19103F-16F7-4668-BE54-9A1E7A4F7556}") = "RabbitMQ.Client", "..\External\rabbitmq-dotnet-client\projects\client\RabbitMQ.Client\RabbitMQ.Client.csproj", "{24F3E6A3-7DE8-4EFD-83D1-6EE0080254B3}"
EndProject
Global
	GlobalSection(SolutionConfigurationPlatforms) = preSolution
		Debug|Any CPU = Debug|Any CPU
		Release|Any CPU = Release|Any CPU
	EndGlobalSection
	GlobalSection(ProjectConfigurationPlatforms) = postSolution
		{13323EEF-85D0-4F98-8C81-2571D3CF55AB}.Debug|Any CPU.ActiveCfg = Debug|Any CPU
		{13323EEF-85D0-4F98-8C81-2571D3CF55AB}.Debug|Any CPU.Build.0 = Debug|Any CPU
		{13323EEF-85D0-4F98-8C81-2571D3CF55AB}.Release|Any CPU.ActiveCfg = Release|Any CPU
		{13323EEF-85D0-4F98-8C81-2571D3CF55AB}.Release|Any CPU.Build.0 = Release|Any CPU
		{0FF4A047-3977-437D-9068-D375B118325F}.Debug|Any CPU.ActiveCfg = Debug|Any CPU
		{0FF4A047-3977-437D-9068-D375B118325F}.Debug|Any CPU.Build.0 = Debug|Any CPU
		{0FF4A047-3977-437D-9068-D375B118325F}.Release|Any CPU.ActiveCfg = Release|Any CPU
		{0FF4A047-3977-437D-9068-D375B118325F}.Release|Any CPU.Build.0 = Release|Any CPU
		{7BD84E81-96AF-4DB9-9A97-C33BBBF59562}.Debug|Any CPU.ActiveCfg = Debug|Any CPU
		{7BD84E81-96AF-4DB9-9A97-C33BBBF59562}.Debug|Any CPU.Build.0 = Debug|Any CPU
		{7BD84E81-96AF-4DB9-9A97-C33BBBF59562}.Release|Any CPU.ActiveCfg = Release|Any CPU
		{7BD84E81-96AF-4DB9-9A97-C33BBBF59562}.Release|Any CPU.Build.0 = Release|Any CPU
		{24F3E6A3-7DE8-4EFD-83D1-6EE0080254B3}.Debug|Any CPU.ActiveCfg = Debug|Any CPU
		{24F3E6A3-7DE8-4EFD-83D1-6EE0080254B3}.Debug|Any CPU.Build.0 = Debug|Any CPU
		{24F3E6A3-7DE8-4EFD-83D1-6EE0080254B3}.Release|Any CPU.ActiveCfg = Release|Any CPU
		{24F3E6A3-7DE8-4EFD-83D1-6EE0080254B3}.Release|Any CPU.Build.0 = Release|Any CPU
	EndGlobalSection
	GlobalSection(SolutionProperties) = preSolution
		HideSolutionNode = FALSE
	EndGlobalSection
	GlobalSection(NestedProjects) = preSolution
		{0FF4A047-3977-437D-9068-D375B118325F} = {316CD280-5B54-49A1-AB5A-30F69375FB1F}
		{7BD84E81-96AF-4DB9-9A97-C33BBBF59562} = {316CD280-5B54-49A1-AB5A-30F69375FB1F}
	EndGlobalSection
	GlobalSection(ExtensibilityGlobals) = postSolution
		SolutionGuid = {9639092D-27B0-491C-BE0D-5FA1AC336F38}
	EndGlobalSection
EndGlobal
